// !$*UTF8*$!
{
	archiveVersion = 1;
	classes = {
	};
	objectVersion = 46;
	objects = {

/* Begin PBXBuildFile section */
		40DC1C4E1F44593C001C024E /* AppDelegate.swift in Sources */ = {isa = PBXBuildFile; fileRef = 40DC1C4D1F44593C001C024E /* AppDelegate.swift */; };
		40DC1C501F44593C001C024E /* ViewController.swift in Sources */ = {isa = PBXBuildFile; fileRef = 40DC1C4F1F44593C001C024E /* ViewController.swift */; };
		40DC1C531F44593C001C024E /* Main.storyboard in Resources */ = {isa = PBXBuildFile; fileRef = 40DC1C511F44593C001C024E /* Main.storyboard */; };
		40DC1C551F44593C001C024E /* Assets.xcassets in Resources */ = {isa = PBXBuildFile; fileRef = 40DC1C541F44593C001C024E /* Assets.xcassets */; };
		40DC1C581F44593C001C024E /* LaunchScreen.storyboard in Resources */ = {isa = PBXBuildFile; fileRef = 40DC1C561F44593C001C024E /* LaunchScreen.storyboard */; };
/* End PBXBuildFile section */

/* Begin PBXFileReference section */
		40DC1C4A1F44593C001C024E /* IgnorePodsDirectory.app */ = {isa = PBXFileReference; explicitFileType = wrapper.application; includeInIndex = 0; path = IgnorePodsDirectory.app; sourceTree = BUILT_PRODUCTS_DIR; };
		40DC1C4D1F44593C001C024E /* AppDelegate.swift */ = {isa = PBXFileReference; lastKnownFileType = sourcecode.swift; path = AppDelegate.swift; sourceTree = "<group>"; };
		40DC1C4F1F44593C001C024E /* ViewController.swift */ = {isa = PBXFileReference; lastKnownFileType = sourcecode.swift; path = ViewController.swift; sourceTree = "<group>"; };
		40DC1C521F44593C001C024E /* Base */ = {isa = PBXFileReference; lastKnownFileType = file.storyboard; name = Base; path = Base.lproj/Main.storyboard; sourceTree = "<group>"; };
		40DC1C541F44593C001C024E /* Assets.xcassets */ = {isa = PBXFileReference; lastKnownFileType = folder.assetcatalog; path = Assets.xcassets; sourceTree = "<group>"; };
		40DC1C571F44593C001C024E /* Base */ = {isa = PBXFileReference; lastKnownFileType = file.storyboard; name = Base; path = Base.lproj/LaunchScreen.storyboard; sourceTree = "<group>"; };
		40DC1C591F44593C001C024E /* Info.plist */ = {isa = PBXFileReference; lastKnownFileType = text.plist.xml; path = Info.plist; sourceTree = "<group>"; };
/* End PBXFileReference section */

/* Begin PBXFrameworksBuildPhase section */
		40DC1C471F44593C001C024E /* Frameworks */ = {
			isa = PBXFrameworksBuildPhase;
			buildActionMask = 2147483647;
			files = (
			);
			runOnlyForDeploymentPostprocessing = 0;
		};
/* End PBXFrameworksBuildPhase section */

/* Begin PBXGroup section */
		40DC1C411F44593C001C024E = {
			isa = PBXGroup;
			children = (
				40DC1C4C1F44593C001C024E /* IgnorePodsDirectory */,
				40DC1C4B1F44593C001C024E /* Products */,
			);
			sourceTree = "<group>";
		};
		40DC1C4B1F44593C001C024E /* Products */ = {
			isa = PBXGroup;
			children = (
				40DC1C4A1F44593C001C024E /* IgnorePodsDirectory.app */,
			);
			name = Products;
			sourceTree = "<group>";
		};
		40DC1C4C1F44593C001C024E /* IgnorePodsDirectory */ = {
			isa = PBXGroup;
			children = (
				40DC1C4D1F44593C001C024E /* AppDelegate.swift */,
				40DC1C4F1F44593C001C024E /* ViewController.swift */,
				40DC1C511F44593C001C024E /* Main.storyboard */,
				40DC1C541F44593C001C024E /* Assets.xcassets */,
				40DC1C561F44593C001C024E /* LaunchScreen.storyboard */,
				40DC1C591F44593C001C024E /* Info.plist */,
			);
			path = IgnorePodsDirectory;
			sourceTree = "<group>";
		};
/* End PBXGroup section */

/* Begin PBXNativeTarget section */
		40DC1C491F44593C001C024E /* IgnorePodsDirectory */ = {
			isa = PBXNativeTarget;
			buildConfigurationList = 40DC1C5C1F44593C001C024E /* Build configuration list for PBXNativeTarget "IgnorePodsDirectory" */;
			buildPhases = (
				40DC1C461F44593C001C024E /* Sources */,
				40DC1C471F44593C001C024E /* Frameworks */,
				40DC1C481F44593C001C024E /* Resources */,
			);
			buildRules = (
			);
			dependencies = (
			);
			name = IgnorePodsDirectory;
			productName = IgnorePodsDirectory;
			productReference = 40DC1C4A1F44593C001C024E /* IgnorePodsDirectory.app */;
			productType = "com.apple.product-type.application";
		};
/* End PBXNativeTarget section */

/* Begin PBXProject section */
		40DC1C421F44593C001C024E /* Project object */ = {
			isa = PBXProject;
			attributes = {
				LastSwiftUpdateCheck = 0830;
				LastUpgradeCheck = 0830;
				ORGANIZATIONNAME = "Vishwak Sol pvt. ltd.";
				TargetAttributes = {
					40DC1C491F44593C001C024E = {
						CreatedOnToolsVersion = 8.3.2;
						ProvisioningStyle = Automatic;
					};
				};
			};
			buildConfigurationList = 40DC1C451F44593C001C024E /* Build configuration list for PBXProject "IgnorePodsDirectory" */;
			compatibilityVersion = "Xcode 3.2";
			developmentRegion = English;
			hasScannedForEncodings = 0;
			knownRegions = (
				en,
				Base,
			);
			mainGroup = 40DC1C411F44593C001C024E;
			productRefGroup = 40DC1C4B1F44593C001C024E /* Products */;
			projectDirPath = "";
			projectRoot = "";
			targets = (
				40DC1C491F44593C001C024E /* IgnorePodsDirectory */,
			);
		};
/* End PBXProject section */

/* Begin PBXResourcesBuildPhase section */
		40DC1C481F44593C001C024E /* Resources */ = {
			isa = PBXResourcesBuildPhase;
			buildActionMask = 2147483647;
			files = (
				40DC1C581F44593C001C024E /* LaunchScreen.storyboard in Resources */,
				40DC1C551F44593C001C024E /* Assets.xcassets in Resources */,
				40DC1C531F44593C001C024E /* Main.storyboard in Resources */,
			);
			runOnlyForDeploymentPostprocessing = 0;
		};
/* End PBXResourcesBuildPhase section */

/* Begin PBXSourcesBuildPhase section */
		40DC1C461F44593C001C024E /* Sources */ = {
			isa = PBXSourcesBuildPhase;
			buildActionMask = 2147483647;
			files = (
				40DC1C501F44593C001C024E /* ViewController.swift in Sources */,
				40DC1C4E1F44593C001C024E /* AppDelegate.swift in Sources */,
			);
			runOnlyForDeploymentPostprocessing = 0;
		};
/* End PBXSourcesBuildPhase section */

/* Begin PBXVariantGroup section */
		40DC1C511F44593C001C024E /* Main.storyboard */ = {
			isa = PBXVariantGroup;
			children = (
				40DC1C521F44593C001C024E /* Base */,
			);
			name = Main.storyboard;
			sourceTree = "<group>";
		};
		40DC1C561F44593C001C024E /* LaunchScreen.storyboard */ = {
			isa = PBXVariantGroup;
			children = (
				40DC1C571F44593C001C024E /* Base */,
			);
			name = LaunchScreen.storyboard;
			sourceTree = "<group>";
		};
/* End PBXVariantGroup section */

/* Begin XCBuildConfiguration section */
		40DC1C5A1F44593C001C024E /* Debug */ = {
			isa = XCBuildConfiguration;
			buildSettings = {
				ALWAYS_SEARCH_USER_PATHS = NO;
				CLANG_ANALYZER_NONNULL = YES;
				CLANG_ANALYZER_NUMBER_OBJECT_CONVERSION = YES_AGGRESSIVE;
				CLANG_CXX_LANGUAGE_STANDARD = "gnu++0x";
				CLANG_CXX_LIBRARY = "libc++";
				CLANG_ENABLE_MODULES = YES;
				CLANG_ENABLE_OBJC_ARC = YES;
				CLANG_WARN_BOOL_CONVERSION = YES;
				CLANG_WARN_CONSTANT_CONVERSION = YES;
				CLANG_WARN_DIRECT_OBJC_ISA_USAGE = YES_ERROR;
				CLANG_WARN_DOCUMENTATION_COMMENTS = YES;
				CLANG_WARN_EMPTY_BODY = YES;
				CLANG_WARN_ENUM_CONVERSION = YES;
				CLANG_WARN_INFINITE_RECURSION = YES;
				CLANG_WARN_INT_CONVERSION = YES;
				CLANG_WARN_OBJC_ROOT_CLASS = YES_ERROR;
				CLANG_WARN_SUSPICIOUS_MOVE = YES;
				CLANG_WARN_UNREACHABLE_CODE = YES;
				CLANG_WARN__DUPLICATE_METHOD_MATCH = YES;
				"CODE_SIGN_IDENTITY[sdk=iphoneos*]" = "iPhone Developer";
				COPY_PHASE_STRIP = NO;
				DEBUG_INFORMATION_FORMAT = dwarf;
				ENABLE_STRICT_OBJC_MSGSEND = YES;
				ENABLE_TESTABILITY = YES;
				GCC_C_LANGUAGE_STANDARD = gnu99;
				GCC_DYNAMIC_NO_PIC = NO;
				GCC_NO_COMMON_BLOCKS = YES;
				GCC_OPTIMIZATION_LEVEL = 0;
				GCC_PREPROCESSOR_DEFINITIONS = (
					"DEBUG=1",
					"$(inherited)",
				);
				GCC_WARN_64_TO_32_BIT_CONVERSION = YES;
				GCC_WARN_ABOUT_RETURN_TYPE = YES_ERROR;
				GCC_WARN_UNDECLARED_SELECTOR = YES;
				GCC_WARN_UNINITIALIZED_AUTOS = YES_AGGRESSIVE;
				GCC_WARN_UNUSED_FUNCTION = YES;
				GCC_WARN_UNUSED_VARIABLE = YES;
				IPHONEOS_DEPLOYMENT_TARGET = 10.3;
				MTL_ENABLE_DEBUG_INFO = YES;
				ONLY_ACTIVE_ARCH = YES;
				SDKROOT = iphoneos;
				SWIFT_ACTIVE_COMPILATION_CONDITIONS = DEBUG;
				SWIFT_OPTIMIZATION_LEVEL = "-Onone";
				TARGETED_DEVICE_FAMILY = "1,2";
			};
			name = Debug;
		};
		40DC1C5B1F44593C001C024E /* Release */ = {
			isa = XCBuildConfiguration;
			buildSettings = {
				ALWAYS_SEARCH_USER_PATHS = NO;
				CLANG_ANALYZER_NONNULL = YES;
				CLANG_ANALYZER_NUMBER_OBJECT_CONVERSION = YES_AGGRESSIVE;
				CLANG_CXX_LANGUAGE_STANDARD = "gnu++0x";
				CLANG_CXX_LIBRARY = "libc++";
				CLANG_ENABLE_MODULES = YES;
				CLANG_ENABLE_OBJC_ARC = YES;
				CLANG_WARN_BOOL_CONVERSION = YES;
				CLANG_WARN_CONSTANT_CONVERSION = YES;
				CLANG_WARN_DIRECT_OBJC_ISA_USAGE = YES_ERROR;
				CLANG_WARN_DOCUMENTATION_COMMENTS = YES;
				CLANG_WARN_EMPTY_BODY = YES;
				CLANG_WARN_ENUM_CONVERSION = YES;
				CLANG_WARN_INFINITE_RECURSION = YES;
				CLANG_WARN_INT_CONVERSION = YES;
				CLANG_WARN_OBJC_ROOT_CLASS = YES_ERROR;
				CLANG_WARN_SUSPICIOUS_MOVE = YES;
				CLANG_WARN_UNREACHABLE_CODE = YES;
				CLANG_WARN__DUPLICATE_METHOD_MATCH = YES;
				"CODE_SIGN_IDENTITY[sdk=iphoneos*]" = "iPhone Developer";
				COPY_PHASE_STRIP = NO;
				DEBUG_INFORMATION_FORMAT = "dwarf-with-dsym";
				ENABLE_NS_ASSERTIONS = NO;
				ENABLE_STRICT_OBJC_MSGSEND = YES;
				GCC_C_LANGUAGE_STANDARD = gnu99;
				GCC_NO_COMMON_BLOCKS = YES;
				GCC_WARN_64_TO_32_BIT_CONVERSION = YES;
				GCC_WARN_ABOUT_RETURN_TYPE = YES_ERROR;
				GCC_WARN_UNDECLARED_SELECTOR = YES;
				GCC_WARN_UNINITIALIZED_AUTOS = YES_AGGRESSIVE;
				GCC_WARN_UNUSED_FUNCTION = YES;
				GCC_WARN_UNUSED_VARIABLE = YES;
				IPHONEOS_DEPLOYMENT_TARGET = 10.3;
				MTL_ENABLE_DEBUG_INFO = NO;
				SDKROOT = iphoneos;
				SWIFT_OPTIMIZATION_LEVEL = "-Owholemodule";
				TARGETED_DEVICE_FAMILY = "1,2";
				VALIDATE_PRODUCT = YES;
			};
			name = Release;
		};
		40DC1C5D1F44593C001C024E /* Debug */ = {
			isa = XCBuildConfiguration;
			buildSettings = {
				ASSETCATALOG_COMPILER_APPICON_NAME = AppIcon;
				INFOPLIST_FILE = IgnorePodsDirectory/Info.plist;
				LD_RUNPATH_SEARCH_PATHS = "$(inherited) @executable_path/Frameworks";
				PRODUCT_BUNDLE_IDENTIFIER = com.vishwak.com.IgnorePodsDirectory;
				PRODUCT_NAME = "$(TARGET_NAME)";
				SWIFT_VERSION = 3.0;
			};
			name = Debug;
		};
		40DC1C5E1F44593C001C024E /* Release */ = {
			isa = XCBuildConfiguration;
			buildSettings = {
				ASSETCATALOG_COMPILER_APPICON_NAME = AppIcon;
				INFOPLIST_FILE = IgnorePodsDirectory/Info.plist;
				LD_RUNPATH_SEARCH_PATHS = "$(inherited) @executable_path/Frameworks";
				PRODUCT_BUNDLE_IDENTIFIER = com.vishwak.com.IgnorePodsDirectory;
				PRODUCT_NAME = "$(TARGET_NAME)";
				SWIFT_VERSION = 3.0;
			};
			name = Release;
		};
/* End XCBuildConfiguration section */

/* Begin XCConfigurationList section */
		40DC1C451F44593C001C024E /* Build configuration list for PBXProject "IgnorePodsDirectory" */ = {
			isa = XCConfigurationList;
			buildConfigurations = (
				40DC1C5A1F44593C001C024E /* Debug */,
				40DC1C5B1F44593C001C024E /* Release */,
			);
			defaultConfigurationIsVisible = 0;
			defaultConfigurationName = Release;
		};
		40DC1C5C1F44593C001C024E /* Build configuration list for PBXNativeTarget "IgnorePodsDirectory" */ = {
			isa = XCConfigurationList;
			buildConfigurations = (
				40DC1C5D1F44593C001C024E /* Debug */,
				40DC1C5E1F44593C001C024E /* Release */,
			);
			defaultConfigurationIsVisible = 0;
		};
/* End XCConfigurationList section */
	};
	rootObject = 40DC1C421F44593C001C024E /* Project object */;
}
